
Microsoft Visual Studio Solution File, Format Version 12.00
# Visual Studio Version 16
VisualStudioVersion = 16.0.31112.23
MinimumVisualStudioVersion = 10.0.40219.1
Project("{8BC9CEB8-8B4A-11D0-8D11-00A0C91BC942}") = "Assignment2", "Assignment2.vcxproj", "{F9124025-AF47-4E59-BE6B-CFBB4B89BC9D}"
EndProject
Global
	GlobalSection(SolutionConfigurationPlatforms) = preSolution
		Debug|x64 = Debug|x64
		Debug|x86 = Debug|x86
		Release|x64 = Release|x64
		Release|x86 = Release|x86
	EndGlobalSection
	GlobalSection(ProjectConfigurationPlatforms) = postSolution
		{F9124025-AF47-4E59-BE6B-CFBB4B89BC9D}.Debug|x64.ActiveCfg = Debug|x64
		{F9124025-AF47-4E59-BE6B-CFBB4B89BC9D}.Debug|x64.Build.0 = Debug|x64
		{F9124025-AF47-4E59-BE6B-CFBB4B89BC9D}.Debug|x86.ActiveCfg = Debug|Win32
		{F9124025-AF47-4E59-BE6B-CFBB4B89BC9D}.Debug|x86.Build.0 = Debug|Win32
		{F9124025-AF47-4E59-BE6B-CFBB4B89BC9D}.Release|x64.ActiveCfg = Release|x64
		{F9124025-AF47-4E59-BE6B-CFBB4B89BC9D}.Release|x64.Build.0 = Release|x64
		{F9124025-AF47-4E59-BE6B-CFBB4B89BC9D}.Release|x86.ActiveCfg = Release|Win32
		{F9124025-AF47-4E59-BE6B-CFBB4B89BC9D}.Release|x86.Build.0 = Release|Win32
	EndGlobalSection
	GlobalSection(SolutionProperties) = preSolution
		HideSolutionNode = FALSE
	EndGlobalSection
	GlobalSection(ExtensibilityGlobals) = postSolution
		SolutionGuid = {64D7A09C-BE2C-4D03-8898-552027D63D7D}
	EndGlobalSection
EndGlobal
